// !$*UTF8*$!
{
	archiveVersion = 1;
	classes = {
	};
	objectVersion = 46;
	objects = {

/* Begin PBXBuildFile section */
		0ECE3A0517D5AE7800494946 /* UIKit.framework in Frameworks */ = {isa = PBXBuildFile; fileRef = 0ECE3A0417D5AE7800494946 /* UIKit.framework */; };
		0ECE3A0717D5AE7800494946 /* Foundation.framework in Frameworks */ = {isa = PBXBuildFile; fileRef = 0ECE3A0617D5AE7800494946 /* Foundation.framework */; };
		0ECE3A0917D5AE7800494946 /* CoreGraphics.framework in Frameworks */ = {isa = PBXBuildFile; fileRef = 0ECE3A0817D5AE7800494946 /* CoreGraphics.framework */; };
		0ECE3A0F17D5AE7800494946 /* InfoPlist.strings in Resources */ = {isa = PBXBuildFile; fileRef = 0ECE3A0D17D5AE7800494946 /* InfoPlist.strings */; };
		0ECE3A1117D5AE7800494946 /* main.m in Sources */ = {isa = PBXBuildFile; fileRef = 0ECE3A1017D5AE7800494946 /* main.m */; };
		0ECE3A1517D5AE7800494946 /* AppDelegate.m in Sources */ = {isa = PBXBuildFile; fileRef = 0ECE3A1417D5AE7800494946 /* AppDelegate.m */; };
		0ECE3A1717D5AE7800494946 /* Default.png in Resources */ = {isa = PBXBuildFile; fileRef = 0ECE3A1617D5AE7800494946 /* Default.png */; };
		0ECE3A1917D5AE7800494946 /* Default@2x.png in Resources */ = {isa = PBXBuildFile; fileRef = 0ECE3A1817D5AE7800494946 /* Default@2x.png */; };
		0ECE3A1B17D5AE7800494946 /* Default-568h@2x.png in Resources */ = {isa = PBXBuildFile; fileRef = 0ECE3A1A17D5AE7800494946 /* Default-568h@2x.png */; };
		0ECE3A1E17D5AE7800494946 /* ViewController.m in Sources */ = {isa = PBXBuildFile; fileRef = 0ECE3A1D17D5AE7800494946 /* ViewController.m */; };
		0ECE3A2117D5AE7800494946 /* ViewController.xib in Resources */ = {isa = PBXBuildFile; fileRef = 0ECE3A1F17D5AE7800494946 /* ViewController.xib */; };
/* End PBXBuildFile section */

/* Begin PBXFileReference section */
		0ECE3A0117D5AE7800494946 /* UIFontView.app */ = {isa = PBXFileReference; explicitFileType = wrapper.application; includeInIndex = 0; path = UIFontView.app; sourceTree = BUILT_PRODUCTS_DIR; };
		0ECE3A0417D5AE7800494946 /* UIKit.framework */ = {isa = PBXFileReference; lastKnownFileType = wrapper.framework; name = UIKit.framework; path = System/Library/Frameworks/UIKit.framework; sourceTree = SDKROOT; };
		0ECE3A0617D5AE7800494946 /* Foundation.framework */ = {isa = PBXFileReference; lastKnownFileType = wrapper.framework; name = Foundation.framework; path = System/Library/Frameworks/Foundation.framework; sourceTree = SDKROOT; };
		0ECE3A0817D5AE7800494946 /* CoreGraphics.framework */ = {isa = PBXFileReference; lastKnownFileType = wrapper.framework; name = CoreGraphics.framework; path = System/Library/Frameworks/CoreGraphics.framework; sourceTree = SDKROOT; };
		0ECE3A0C17D5AE7800494946 /* UIFontView-Info.plist */ = {isa = PBXFileReference; lastKnownFileType = text.plist.xml; path = "UIFontView-Info.plist"; sourceTree = "<group>"; };
		0ECE3A0E17D5AE7800494946 /* en */ = {isa = PBXFileReference; lastKnownFileType = text.plist.strings; name = en; path = en.lproj/InfoPlist.strings; sourceTree = "<group>"; };
		0ECE3A1017D5AE7800494946 /* main.m */ = {isa = PBXFileReference; lastKnownFileType = sourcecode.c.objc; path = main.m; sourceTree = "<group>"; };
		0ECE3A1217D5AE7800494946 /* UIFontView-Prefix.pch */ = {isa = PBXFileReference; lastKnownFileType = sourcecode.c.h; path = "UIFontView-Prefix.pch"; sourceTree = "<group>"; };
		0ECE3A1317D5AE7800494946 /* AppDelegate.h */ = {isa = PBXFileReference; lastKnownFileType = sourcecode.c.h; path = AppDelegate.h; sourceTree = "<group>"; };
		0ECE3A1417D5AE7800494946 /* AppDelegate.m */ = {isa = PBXFileReference; lastKnownFileType = sourcecode.c.objc; path = AppDelegate.m; sourceTree = "<group>"; };
		0ECE3A1617D5AE7800494946 /* Default.png */ = {isa = PBXFileReference; lastKnownFileType = image.png; path = Default.png; sourceTree = "<group>"; };
		0ECE3A1817D5AE7800494946 /* Default@2x.png */ = {isa = PBXFileReference; lastKnownFileType = image.png; path = "Default@2x.png"; sourceTree = "<group>"; };
		0ECE3A1A17D5AE7800494946 /* Default-568h@2x.png */ = {isa = PBXFileReference; lastKnownFileType = image.png; path = "Default-568h@2x.png"; sourceTree = "<group>"; };
		0ECE3A1C17D5AE7800494946 /* ViewController.h */ = {isa = PBXFileReference; lastKnownFileType = sourcecode.c.h; path = ViewController.h; sourceTree = "<group>"; };
		0ECE3A1D17D5AE7800494946 /* ViewController.m */ = {isa = PBXFileReference; lastKnownFileType = sourcecode.c.objc; path = ViewController.m; sourceTree = "<group>"; };
		0ECE3A2017D5AE7800494946 /* en */ = {isa = PBXFileReference; lastKnownFileType = file.xib; name = en; path = en.lproj/ViewController.xib; sourceTree = "<group>"; };
/* End PBXFileReference section */

/* Begin PBXFrameworksBuildPhase section */
		0ECE39FE17D5AE7800494946 /* Frameworks */ = {
			isa = PBXFrameworksBuildPhase;
			buildActionMask = 2147483647;
			files = (
				0ECE3A0517D5AE7800494946 /* UIKit.framework in Frameworks */,
				0ECE3A0717D5AE7800494946 /* Foundation.framework in Frameworks */,
				0ECE3A0917D5AE7800494946 /* CoreGraphics.framework in Frameworks */,
			);
			runOnlyForDeploymentPostprocessing = 0;
		};
/* End PBXFrameworksBuildPhase section */

/* Begin PBXGroup section */
		0ECE39F817D5AE7800494946 = {
			isa = PBXGroup;
			children = (
				0ECE3A0A17D5AE7800494946 /* UIFontView */,
				0ECE3A0317D5AE7800494946 /* Frameworks */,
				0ECE3A0217D5AE7800494946 /* Products */,
			);
			sourceTree = "<group>";
		};
		0ECE3A0217D5AE7800494946 /* Products */ = {
			isa = PBXGroup;
			children = (
				0ECE3A0117D5AE7800494946 /* UIFontView.app */,
			);
			name = Products;
			sourceTree = "<group>";
		};
		0ECE3A0317D5AE7800494946 /* Frameworks */ = {
			isa = PBXGroup;
			children = (
				0ECE3A0417D5AE7800494946 /* UIKit.framework */,
				0ECE3A0617D5AE7800494946 /* Foundation.framework */,
				0ECE3A0817D5AE7800494946 /* CoreGraphics.framework */,
			);
			name = Frameworks;
			sourceTree = "<group>";
		};
		0ECE3A0A17D5AE7800494946 /* UIFontView */ = {
			isa = PBXGroup;
			children = (
				0ECE3A1317D5AE7800494946 /* AppDelegate.h */,
				0ECE3A1417D5AE7800494946 /* AppDelegate.m */,
				0ECE3A1C17D5AE7800494946 /* ViewController.h */,
				0ECE3A1D17D5AE7800494946 /* ViewController.m */,
				0ECE3A1F17D5AE7800494946 /* ViewController.xib */,
				0ECE3A0B17D5AE7800494946 /* Supporting Files */,
			);
			path = UIFontView;
			sourceTree = "<group>";
		};
		0ECE3A0B17D5AE7800494946 /* Supporting Files */ = {
			isa = PBXGroup;
			children = (
				0ECE3A0C17D5AE7800494946 /* UIFontView-Info.plist */,
				0ECE3A0D17D5AE7800494946 /* InfoPlist.strings */,
				0ECE3A1017D5AE7800494946 /* main.m */,
				0ECE3A1217D5AE7800494946 /* UIFontView-Prefix.pch */,
				0ECE3A1617D5AE7800494946 /* Default.png */,
				0ECE3A1817D5AE7800494946 /* Default@2x.png */,
				0ECE3A1A17D5AE7800494946 /* Default-568h@2x.png */,
			);
			name = "Supporting Files";
			sourceTree = "<group>";
		};
/* End PBXGroup section */

/* Begin PBXNativeTarget section */
		0ECE3A0017D5AE7800494946 /* UIFontView */ = {
			isa = PBXNativeTarget;
			buildConfigurationList = 0ECE3A2417D5AE7800494946 /* Build configuration list for PBXNativeTarget "UIFontView" */;
			buildPhases = (
				0ECE39FD17D5AE7800494946 /* Sources */,
				0ECE39FE17D5AE7800494946 /* Frameworks */,
				0ECE39FF17D5AE7800494946 /* Resources */,
			);
			buildRules = (
			);
			dependencies = (
			);
			name = UIFontView;
			productName = UIFontView;
			productReference = 0ECE3A0117D5AE7800494946 /* UIFontView.app */;
			productType = "com.apple.product-type.application";
		};
/* End PBXNativeTarget section */

/* Begin PBXProject section */
		0ECE39F917D5AE7800494946 /* Project object */ = {
			isa = PBXProject;
			attributes = {
				LastUpgradeCheck = 0460;
				ORGANIZATIONNAME = "Wemo Technologies";
			};
			buildConfigurationList = 0ECE39FC17D5AE7800494946 /* Build configuration list for PBXProject "UIFontView" */;
			compatibilityVersion = "Xcode 3.2";
			developmentRegion = English;
			hasScannedForEncodings = 0;
			knownRegions = (
				en,
			);
			mainGroup = 0ECE39F817D5AE7800494946;
			productRefGroup = 0ECE3A0217D5AE7800494946 /* Products */;
			projectDirPath = "";
			projectRoot = "";
			targets = (
				0ECE3A0017D5AE7800494946 /* UIFontView */,
			);
		};
/* End PBXProject section */

/* Begin PBXResourcesBuildPhase section */
		0ECE39FF17D5AE7800494946 /* Resources */ = {
			isa = PBXResourcesBuildPhase;
			buildActionMask = 2147483647;
			files = (
				0ECE3A0F17D5AE7800494946 /* InfoPlist.strings in Resources */,
				0ECE3A1717D5AE7800494946 /* Default.png in Resources */,
				0ECE3A1917D5AE7800494946 /* Default@2x.png in Resources */,
				0ECE3A1B17D5AE7800494946 /* Default-568h@2x.png in Resources */,
				0ECE3A2117D5AE7800494946 /* ViewController.xib in Resources */,
			);
			runOnlyForDeploymentPostprocessing = 0;
		};
/* End PBXResourcesBuildPhase section */

/* Begin PBXSourcesBuildPhase section */
		0ECE39FD17D5AE7800494946 /* Sources */ = {
			isa = PBXSourcesBuildPhase;
			buildActionMask = 2147483647;
			files = (
				0ECE3A1117D5AE7800494946 /* main.m in Sources */,
				0ECE3A1517D5AE7800494946 /* AppDelegate.m in Sources */,
				0ECE3A1E17D5AE7800494946 /* ViewController.m in Sources */,
			);
			runOnlyForDeploymentPostprocessing = 0;
		};
/* End PBXSourcesBuildPhase section */

/* Begin PBXVariantGroup section */
		0ECE3A0D17D5AE7800494946 /* InfoPlist.strings */ = {
			isa = PBXVariantGroup;
			children = (
				0ECE3A0E17D5AE7800494946 /* en */,
			);
			name = InfoPlist.strings;
			sourceTree = "<group>";
		};
		0ECE3A1F17D5AE7800494946 /* ViewController.xib */ = {
			isa = PBXVariantGroup;
			children = (
				0ECE3A2017D5AE7800494946 /* en */,
			);
			name = ViewController.xib;
			sourceTree = "<group>";
		};
/* End PBXVariantGroup section */

/* Begin XCBuildConfiguration section */
		0ECE3A2217D5AE7800494946 /* Debug */ = {
			isa = XCBuildConfiguration;
			buildSettings = {
				ALWAYS_SEARCH_USER_PATHS = NO;
				CLANG_CXX_LANGUAGE_STANDARD = "gnu++0x";
				CLANG_CXX_LIBRARY = "libc++";
				CLANG_WARN_CONSTANT_CONVERSION = YES;
				CLANG_WARN_EMPTY_BODY = YES;
				CLANG_WARN_ENUM_CONVERSION = YES;
				CLANG_WARN_INT_CONVERSION = YES;
				CLANG_WARN__DUPLICATE_METHOD_MATCH = YES;
				"CODE_SIGN_IDENTITY[sdk=iphoneos*]" = "iPhone Developer";
				COPY_PHASE_STRIP = NO;
				GCC_C_LANGUAGE_STANDARD = gnu99;
				GCC_DYNAMIC_NO_PIC = NO;
				GCC_OPTIMIZATION_LEVEL = 0;
				GCC_PREPROCESSOR_DEFINITIONS = (
					"DEBUG=1",
					"$(inherited)",
				);
				GCC_SYMBOLS_PRIVATE_EXTERN = NO;
				GCC_WARN_ABOUT_RETURN_TYPE = YES;
				GCC_WARN_UNINITIALIZED_AUTOS = YES;
				GCC_WARN_UNUSED_VARIABLE = YES;
				IPHONEOS_DEPLOYMENT_TARGET = 6.1;
				ONLY_ACTIVE_ARCH = YES;
				SDKROOT = iphoneos;
			};
			name = Debug;
		};
		0ECE3A2317D5AE7800494946 /* Release */ = {
			isa = XCBuildConfiguration;
			buildSettings = {
				ALWAYS_SEARCH_USER_PATHS = NO;
				CLANG_CXX_LANGUAGE_STANDARD = "gnu++0x";
				CLANG_CXX_LIBRARY = "libc++";
				CLANG_WARN_CONSTANT_CONVERSION = YES;
				CLANG_WARN_EMPTY_BODY = YES;
				CLANG_WARN_ENUM_CONVERSION = YES;
				CLANG_WARN_INT_CONVERSION = YES;
				CLANG_WARN__DUPLICATE_METHOD_MATCH = YES;
				"CODE_SIGN_IDENTITY[sdk=iphoneos*]" = "iPhone Developer";
				COPY_PHASE_STRIP = YES;
				GCC_C_LANGUAGE_STANDARD = gnu99;
				GCC_WARN_ABOUT_RETURN_TYPE = YES;
				GCC_WARN_UNINITIALIZED_AUTOS = YES;
				GCC_WARN_UNUSED_VARIABLE = YES;
				IPHONEOS_DEPLOYMENT_TARGET = 6.1;
				OTHER_CFLAGS = "-DNS_BLOCK_ASSERTIONS=1";
				SDKROOT = iphoneos;
				VALIDATE_PRODUCT = YES;
			};
			name = Release;
		};
		0ECE3A2517D5AE7800494946 /* Debug */ = {
			isa = XCBuildConfiguration;
			buildSettings = {
				GCC_PRECOMPILE_PREFIX_HEADER = YES;
				GCC_PREFIX_HEADER = "UIFontView/UIFontView-Prefix.pch";
				INFOPLIST_FILE = "UIFontView/UIFontView-Info.plist";
				PRODUCT_NAME = "$(TARGET_NAME)";
				WRAPPER_EXTENSION = app;
			};
			name = Debug;
		};
		0ECE3A2617D5AE7800494946 /* Release */ = {
			isa = XCBuildConfiguration;
			buildSettings = {
				GCC_PRECOMPILE_PREFIX_HEADER = YES;
				GCC_PREFIX_HEADER = "UIFontView/UIFontView-Prefix.pch";
				INFOPLIST_FILE = "UIFontView/UIFontView-Info.plist";
				PRODUCT_NAME = "$(TARGET_NAME)";
				WRAPPER_EXTENSION = app;
			};
			name = Release;
		};
/* End XCBuildConfiguration section */

/* Begin XCConfigurationList section */
		0ECE39FC17D5AE7800494946 /* Build configuration list for PBXProject "UIFontView" */ = {
			isa = XCConfigurationList;
			buildConfigurations = (
				0ECE3A2217D5AE7800494946 /* Debug */,
				0ECE3A2317D5AE7800494946 /* Release */,
			);
			defaultConfigurationIsVisible = 0;
			defaultConfigurationName = Release;
		};
		0ECE3A2417D5AE7800494946 /* Build configuration list for PBXNativeTarget "UIFontView" */ = {
			isa = XCConfigurationList;
			buildConfigurations = (
				0ECE3A2517D5AE7800494946 /* Debug */,
				0ECE3A2617D5AE7800494946 /* Release */,
			);
			defaultConfigurationIsVisible = 0;
		};
/* End XCConfigurationList section */
	};
	rootObject = 0ECE39F917D5AE7800494946 /* Project object */;
}
